{
  "name": "react4xp-runtime-client",
  "version": "1.0.8",
  "lockfileVersion": 1,
  "requires": true,
  "dependencies": {
    "fetch-timeout": {
      "version": "0.0.2",
      "resolved": "https://registry.npmjs.org/fetch-timeout/-/fetch-timeout-0.0.2.tgz",
      "integrity": "sha1-9ZvrImk1nOhNoHrmFNo2AQnCUzg="
    },
    "node-fetch": {
      "version": "2.6.1",
      "resolved": "https://registry.npmjs.org/node-fetch/-/node-fetch-2.6.1.tgz",
      "integrity": "sha512-V4aYg89jEoVRxRb2fJdAg8FHvI7cEyYdVAh94HH0UIK8oJxUfkjlDQN9RbMx+bEjP7+ggMiFRprSti032Oipxw=="
    }
  }
}
