{
  "name": "react4xp-runtime-nashornpolyfills",
  "version": "1.1.0-prereleasetmp.0",
  "lockfileVersion": 1,
  "requires": true,
  "dependencies": {
    "es6-set-and-map": {
      "version": "1.0.5",
      "resolved": "https://registry.npmjs.org/es6-set-and-map/-/es6-set-and-map-1.0.5.tgz",
      "integrity": "sha1-mFJPdttNSsjMN7/ywVaW82Z8nbQ="
    }
  }
}
