{
  "name": "react4xp",
  "version": "0.0.1",
  "lockfileVersion": 1,
  "requires": true,
  "dependencies": {
    "@babel/polyfill": {
      "version": "7.8.3",
      "resolved": "https://registry.npmjs.org/@babel/polyfill/-/polyfill-7.8.3.tgz",
      "integrity": "sha512-0QEgn2zkCzqGIkSWWAEmvxD7e00Nm9asTtQvi7HdlYvMhjy/J38V/1Y9ode0zEJeIuxAI0uftiAzqc7nVeWUGg==",
      "requires": {
        "core-js": "^2.6.5",
        "regenerator-runtime": "^0.13.2"
      }
    },
    "chunks-2-json-webpack-plugin": {
      "version": "1.0.3",
      "resolved": "https://registry.npmjs.org/chunks-2-json-webpack-plugin/-/chunks-2-json-webpack-plugin-1.0.3.tgz",
      "integrity": "sha512-+1U50TjVZyR8oBc7pKy/c2w5WxmDZPmZjp+rmKmMrnNGdi7T1u9xn7Ilsyz/H84OTh4GN5IuZnkDVWRXi9U9aA=="
    },
    "core-js": {
      "version": "2.6.11",
      "resolved": "https://registry.npmjs.org/core-js/-/core-js-2.6.11.tgz",
      "integrity": "sha512-5wjnpaT/3dV+XB4borEsnAYQchn00XSgTAWKDkEqv+K8KevjbzmofK6hfJ9TZIlpj2N0xQpazy7PiRQiWHqzWg=="
    },
    "es6-set-and-map": {
      "version": "1.0.5",
      "resolved": "https://registry.npmjs.org/es6-set-and-map/-/es6-set-and-map-1.0.5.tgz",
      "integrity": "sha1-mFJPdttNSsjMN7/ywVaW82Z8nbQ="
    },
    "fetch-timeout": {
      "version": "0.0.2",
      "resolved": "https://registry.npmjs.org/fetch-timeout/-/fetch-timeout-0.0.2.tgz",
      "integrity": "sha1-9ZvrImk1nOhNoHrmFNo2AQnCUzg="
    },
    "lodash": {
      "version": "4.17.15",
      "resolved": "https://registry.npmjs.org/lodash/-/lodash-4.17.15.tgz",
      "integrity": "sha512-8xOcRHvCjnocdS5cpwXQXVzmmh5e5+saE2QGoeQmbKmRS6J3VQppPOIt0MnmE+4xlZoumy0GPG0D0MVIQbNA1A=="
    },
    "node-fetch": {
      "version": "2.6.0",
      "resolved": "https://registry.npmjs.org/node-fetch/-/node-fetch-2.6.0.tgz",
      "integrity": "sha512-8dG4H5ujfvFiqDmVu9fQ5bOHUC15JMjMY/Zumv26oOvvVJjM67KF8koCWIabKQ1GJIa9r2mMZscBq/TbdOcmNA=="
    },
    "react4xp-build-components": {
      "version": "0.7.3",
      "resolved": "https://registry.npmjs.org/react4xp-build-components/-/react4xp-build-components-0.7.3.tgz",
      "integrity": "sha512-t5iLGoeJru2Teh3SRctOtXKTta5XFNczkh//suWWUIusaoKwzsF+8v9yOAJfMrR9AZVVi/CcPE3RGeMtQ148Lg==",
      "requires": {
        "react4xp-build-entriesandchunks": "0.4.0",
        "stats-webpack-plugin": "^0.7.0"
      }
    },
    "react4xp-build-entriesandchunks": {
      "version": "0.4.0",
      "resolved": "https://registry.npmjs.org/react4xp-build-entriesandchunks/-/react4xp-build-entriesandchunks-0.4.0.tgz",
      "integrity": "sha512-SY9SedNTGSC52wzQKWYQbTXlpKft2pgmBgN5bq5yyor9FR/+y+aZfCymRYGYprlUK4RSxUtrIvqfCQADPcfo0w=="
    },
    "react4xp-buildconstants": {
      "version": "0.8.0",
      "resolved": "https://registry.npmjs.org/react4xp-buildconstants/-/react4xp-buildconstants-0.8.0.tgz",
      "integrity": "sha512-55jZINcz9MyHEy13/WvFWpzGBwla+ZEwJaQEujI5A61N0OhPMTHuUgWloNCpJyxWOCab9BXswOygLeFmzYEznA=="
    },
    "react4xp-regions": {
      "version": "0.2.1",
      "resolved": "https://registry.npmjs.org/react4xp-regions/-/react4xp-regions-0.2.1.tgz",
      "integrity": "sha512-E5POC636RqoTNUOR1YOiPCgEW/aEK9iJsjdyIfrGBuJiltbZd4tnmmLL4jHJUhNMybVHMnIFvTnGQEb/CTob6A=="
    },
    "react4xp-runtime-client": {
      "version": "0.5.0",
      "resolved": "https://registry.npmjs.org/react4xp-runtime-client/-/react4xp-runtime-client-0.5.0.tgz",
      "integrity": "sha512-LT/ePq9qambb/s0FUE7GUQkd8NVqZtac7vNoQbtWtLrF8mozquJE3hfdR9JFaFrzE4midrJIsaI5IjDoAm94WA==",
      "requires": {
        "@babel/polyfill": "^7.2.5",
        "chunks-2-json-webpack-plugin": "^1.0.0",
        "fetch-timeout": "0.0.2",
        "node-fetch": "^2.3.0"
      }
    },
    "react4xp-runtime-externals": {
      "version": "0.4.0",
      "resolved": "https://registry.npmjs.org/react4xp-runtime-externals/-/react4xp-runtime-externals-0.4.0.tgz",
      "integrity": "sha512-A4Xr65hQ1sdfQbMh3Y7RRl+2HRaVQfq7NhZIgm1oqI7HGPGgjV24CseGvOuU0DNUmUk1SzInbmcpwDSaunARIw==",
      "requires": {
        "chunks-2-json-webpack-plugin": "^1.0.0"
      }
    },
    "react4xp-runtime-nashornpolyfills": {
      "version": "0.4.3",
      "resolved": "https://registry.npmjs.org/react4xp-runtime-nashornpolyfills/-/react4xp-runtime-nashornpolyfills-0.4.3.tgz",
      "integrity": "sha512-O5vf7GypZ6lHVUL6GFGbIy2Al2cs6cArR6E9YZ9+y223AvA8LFOM/1AZgsRRVZ565ABBnEYfBDXpLCc0D1b6xA==",
      "requires": {
        "es6-set-and-map": "^1.0.5"
      }
    },
    "regenerator-runtime": {
      "version": "0.13.3",
      "resolved": "https://registry.npmjs.org/regenerator-runtime/-/regenerator-runtime-0.13.3.tgz",
      "integrity": "sha512-naKIZz2GQ8JWh///G7L3X6LaQUAMp2lvb1rvwwsURe/VXwD6VMfr+/1NuNw3ag8v2kY1aQ/go5SNn79O9JU7yw=="
    },
    "stats-webpack-plugin": {
      "version": "0.7.0",
      "resolved": "https://registry.npmjs.org/stats-webpack-plugin/-/stats-webpack-plugin-0.7.0.tgz",
      "integrity": "sha512-NT0YGhwuQ0EOX+uPhhUcI6/+1Sq/pMzNuSCBVT4GbFl/ac6I/JZefBcjlECNfAb1t3GOx5dEj1Z7x0cAxeeVLQ==",
      "requires": {
        "lodash": "^4.17.4"
      }
    }
  }
}
